github.com/ALiwoto/StrongStringGo v1.0.10 h1:Zy8pvVWrdtueXFxC4HjU0lyVZbz/F1UtD8IVVL48Pgs=
github.com/ALiwoto/StrongStringGo v1.0.10/go.mod h1:t7WxtiphnwdgJaq443DSCAw7q+Ut3V8Pg1kT6IcdKmE=
github.com/ALiwoto/mdparser v1.0.11 h1:qQq8e3Bco60ziiMFhq1F8QLaFhnB+pBtkg6dvdcwDzg=
github.com/ALiwoto/mdparser v1.0.11/go.mod h1:aOfQn8/SEPOFdMRhhE0oaFomYgQLJ+8QUG0EFvWUGBg=
github.com/ALiwoto/mdparser v1.1.2 h1:weZU4pGIqJBwYrmJX9ncQIUrTcAxSSB0pexGUtXJcZI=
github.com/ALiwoto/mdparser v1.1.2/go.mod h1:YL/F0SIvpRgP5iTip4t3qXdwg4X0OZCS/+dHKbdAgWc=
github.com/AnimeKaizoku/ssg v1.1.3 h1:J33RtTU54sdAiabG8vo9Nqo4lITVOw0IkhIVol36RbM=
github.com/AnimeKaizoku/ssg v1.1.3/go.mod h1:pe9BzQLW45VHgs4Puq1WcvnY+G5r07ecg2+MIycC1OM=
github.com/AnimeKaizoku/ssg v1.1.20 h1:NKwPgksVTwpT/uyhOcggDC88UxB4pkkhrClnOrn4sKE=
github.com/AnimeKaizoku/ssg v1.1.20/go.mod h1:pe9BzQLW45VHgs4Puq1WcvnY+G5r07ecg2+MIycC1OM=
golang.org/x/text v0.3.7 h1:olpwvP2KacW1ZWvsR7uQhoyTYvKAupfQrRGBFM352Gk=
golang.org/x/text v0.3.7/go.mod h1:u+2+/6zg+i71rQMx5EYifcz6MCKuco9NR6JIITiCfzQ=
