github.com/ALiwoto/StrongStringGo v1.0.10 h1:Zy8pvVWrdtueXFxC4HjU0lyVZbz/F1UtD8IVVL48Pgs=
github.com/ALiwoto/StrongStringGo v1.0.10/go.mod h1:t7WxtiphnwdgJaq443DSCAw7q+Ut3V8Pg1kT6IcdKmE=
github.com/ALiwoto/mdparser v1.0.11 h1:qQq8e3Bco60ziiMFhq1F8QLaFhnB+pBtkg6dvdcwDzg=
github.com/ALiwoto/mdparser v1.0.11/go.mod h1:aOfQn8/SEPOFdMRhhE0oaFomYgQLJ+8QUG0EFvWUGBg=
